%{
  "egit": {:hex, :egit, "0.1.10", "d6ec854646749111a44e3ae73eeab0d129a486bfd1dd4fd8ed64a482f052769c", [:rebar3], [], "hexpm", "89c37b495529b83382eb3f56938711251f714a0812e374c5698bfcea9b7ecbd5"},
  "ex_ratatui": {:hex, :ex_ratatui, "0.7.1", "2f066808f9616e6ce9af890f89a91e833ac2b4d77617d9fc79392fc3487889f6", [:mix], [{:rustler, ">= 0.0.0", [hex: :rustler, repo: "hexpm", optional: true]}, {:rustler_precompiled, "~> 0.8", [hex: :rustler_precompiled, repo: "hexpm", optional: false]}], "hexpm", "0ee858cf8d87cc0ca0615607b7e27c63f3552a41f236e9594c0cbcb565526194"},
  "rustler_precompiled": {:hex, :rustler_precompiled, "0.9.0", "3a052eda09f3d2436364645cc1f13279cf95db310eb0c17b0d8f25484b233aa0", [:mix], [{:rustler, "~> 0.23", [hex: :rustler, repo: "hexpm", optional: true]}], "hexpm", "471d97315bd3bf7b64623418b3693eedd8e47de3d1cb79a0ac8f9da7d770d94c"},
}
